github.com/joho/godotenv v1.4.0 h1:3l4+N6zfMWnkbPEXKng2o2/MR5mSwTrBih4ZEkkz1lg=
github.com/joho/godotenv v1.4.0/go.mod h1:f4LDr5Voq0i2e/R5DDNOoa2zzDfwtkZa6DnEwAbqwq4=
golang.org/x/crypto/x509roots/fallback v0.0.0-20250605174209-3bf9d2afd4f0 h1:LAtxhSighcSwwB7zC5nvOl3BlSEKP2AtwGyJNnt1O0w=
golang.org/x/crypto/x509roots/fallback v0.0.0-20250605174209-3bf9d2afd4f0/go.mod h1:lxN5T34bK4Z/i6cMaU7frUU57VkDXFD4Kamfl/cp9oU=
